
Microsoft Visual Studio Solution File, Format Version 12.00
# Visual Studio Version 16
VisualStudioVersion = 16.0.31424.327
MinimumVisualStudioVersion = 10.0.40219.1
Project("{FAE04EC0-301F-11D3-BF4B-00C04F79EFBC}") = "Tiled2ZXNext", "Tiled2ZXNext.csproj", "{EEA51499-C8D4-4F74-83CA-0DC7A2F08351}"
EndProject
Global
	GlobalSection(SolutionConfigurationPlatforms) = preSolution
		Debug|Any CPU = Debug|Any CPU
		Release|Any CPU = Release|Any CPU
	EndGlobalSection
	GlobalSection(ProjectConfigurationPlatforms) = postSolution
		{EEA51499-C8D4-4F74-83CA-0DC7A2F08351}.Debug|Any CPU.ActiveCfg = Debug|Any CPU
		{EEA51499-C8D4-4F74-83CA-0DC7A2F08351}.Debug|Any CPU.Build.0 = Debug|Any CPU
		{EEA51499-C8D4-4F74-83CA-0DC7A2F08351}.Release|Any CPU.ActiveCfg = Release|Any CPU
		{EEA51499-C8D4-4F74-83CA-0DC7A2F08351}.Release|Any CPU.Build.0 = Release|Any CPU
	EndGlobalSection
	GlobalSection(SolutionProperties) = preSolution
		HideSolutionNode = FALSE
	EndGlobalSection
	GlobalSection(ExtensibilityGlobals) = postSolution
		SolutionGuid = {1D3E8EB8-DC5D-4BA4-A9FD-7686D528BC32}
	EndGlobalSection
EndGlobal
